
Microsoft Visual Studio Solution File, Format Version 12.00
# Visual Studio Version 17
VisualStudioVersion = 17.11.35222.181
MinimumVisualStudioVersion = 10.0.40219.1
Project("{FAE04EC0-301F-11D3-BF4B-00C04F79EFBC}") = "WooxTravel", "WooxTravel\WooxTravel.csproj", "{508A5A4C-C4D0-41A3-B1AA-F967FAF74670}"
EndProject
Global
	GlobalSection(SolutionConfigurationPlatforms) = preSolution
		Debug|Any CPU = Debug|Any CPU
		Release|Any CPU = Release|Any CPU
	EndGlobalSection
	GlobalSection(ProjectConfigurationPlatforms) = postSolution
		{508A5A4C-C4D0-41A3-B1AA-F967FAF74670}.Debug|Any CPU.ActiveCfg = Debug|Any CPU
		{508A5A4C-C4D0-41A3-B1AA-F967FAF74670}.Debug|Any CPU.Build.0 = Debug|Any CPU
		{508A5A4C-C4D0-41A3-B1AA-F967FAF74670}.Release|Any CPU.ActiveCfg = Release|Any CPU
		{508A5A4C-C4D0-41A3-B1AA-F967FAF74670}.Release|Any CPU.Build.0 = Release|Any CPU
	EndGlobalSection
	GlobalSection(SolutionProperties) = preSolution
		HideSolutionNode = FALSE
	EndGlobalSection
	GlobalSection(ExtensibilityGlobals) = postSolution
		SolutionGuid = {89CCE033-6C39-48F3-86CB-D62F8724D3E6}
	EndGlobalSection
EndGlobal
